// !$*UTF8*$!
{
	archiveVersion = 1;
	classes = {
	};
	objectVersion = 56;
	objects = {

/* Begin PBXBuildFile section */
		191E107E2CFA29EB00EEEA9A /* AppDelegate.swift in Sources */ = {isa = PBXBuildFile; fileRef = 191E107D2CFA29EB00EEEA9A /* AppDelegate.swift */; };
		191E10802CFA29EB00EEEA9A /* SceneDelegate.swift in Sources */ = {isa = PBXBuildFile; fileRef = 191E107F2CFA29EB00EEEA9A /* SceneDelegate.swift */; };
		191E10822CFA29EB00EEEA9A /* ViewController.swift in Sources */ = {isa = PBXBuildFile; fileRef = 191E10812CFA29EB00EEEA9A /* ViewController.swift */; };
		191E10882CFA29EB00EEEA9A /* stocks.xcdatamodeld in Sources */ = {isa = PBXBuildFile; fileRef = 191E10862CFA29EB00EEEA9A /* stocks.xcdatamodeld */; };
		191E108A2CFA29EE00EEEA9A /* Assets.xcassets in Resources */ = {isa = PBXBuildFile; fileRef = 191E10892CFA29EE00EEEA9A /* Assets.xcassets */; };
		191E108D2CFA29EE00EEEA9A /* LaunchScreen.storyboard in Resources */ = {isa = PBXBuildFile; fileRef = 191E108B2CFA29EE00EEEA9A /* LaunchScreen.storyboard */; };
		191E10952CFA2C2300EEEA9A /* TableViewModel.swift in Sources */ = {isa = PBXBuildFile; fileRef = 191E10942CFA2C2300EEEA9A /* TableViewModel.swift */; };
		191E10972CFA2C4800EEEA9A /* TickerCell.swift in Sources */ = {isa = PBXBuildFile; fileRef = 191E10962CFA2C4800EEEA9A /* TickerCell.swift */; };
		191E10992CFA2C6B00EEEA9A /* StocksView.swift in Sources */ = {isa = PBXBuildFile; fileRef = 191E10982CFA2C6B00EEEA9A /* StocksView.swift */; };
		191E109B2CFD8F6900EEEA9A /* Extensions.swift in Sources */ = {isa = PBXBuildFile; fileRef = 191E109A2CFD8F6900EEEA9A /* Extensions.swift */; };
		191E10B32CFD948700EEEA9A /* Montserrat-LightItalic.ttf in Resources */ = {isa = PBXBuildFile; fileRef = 191E109F2CFD948700EEEA9A /* Montserrat-LightItalic.ttf */; };
		191E10B42CFD948700EEEA9A /* Montserrat-Medium.ttf in Resources */ = {isa = PBXBuildFile; fileRef = 191E10A02CFD948700EEEA9A /* Montserrat-Medium.ttf */; };
		191E10B52CFD948700EEEA9A /* COPYRIGHT.txt in Resources */ = {isa = PBXBuildFile; fileRef = 191E10A12CFD948700EEEA9A /* COPYRIGHT.txt */; };
		191E10B62CFD948700EEEA9A /* Montserrat-BoldItalic.ttf in Resources */ = {isa = PBXBuildFile; fileRef = 191E10A22CFD948700EEEA9A /* Montserrat-BoldItalic.ttf */; };
		191E10B72CFD948700EEEA9A /* Montserrat-Light.ttf in Resources */ = {isa = PBXBuildFile; fileRef = 191E10A32CFD948700EEEA9A /* Montserrat-Light.ttf */; };
		191E10B82CFD948700EEEA9A /* Montserrat-ThinItalic.ttf in Resources */ = {isa = PBXBuildFile; fileRef = 191E10A42CFD948700EEEA9A /* Montserrat-ThinItalic.ttf */; };
		191E10B92CFD948700EEEA9A /* Montserrat-ExtraLight.ttf in Resources */ = {isa = PBXBuildFile; fileRef = 191E10A52CFD948700EEEA9A /* Montserrat-ExtraLight.ttf */; };
		191E10BA2CFD948700EEEA9A /* Montserrat-Thin.ttf in Resources */ = {isa = PBXBuildFile; fileRef = 191E10A62CFD948700EEEA9A /* Montserrat-Thin.ttf */; };
		191E10BB2CFD948700EEEA9A /* Montserrat-Bold.ttf in Resources */ = {isa = PBXBuildFile; fileRef = 191E10A72CFD948700EEEA9A /* Montserrat-Bold.ttf */; };
		191E10BC2CFD948700EEEA9A /* Montserrat-MediumItalic.ttf in Resources */ = {isa = PBXBuildFile; fileRef = 191E10A82CFD948700EEEA9A /* Montserrat-MediumItalic.ttf */; };
		191E10BD2CFD948700EEEA9A /* Montserrat-BlackItalic.ttf in Resources */ = {isa = PBXBuildFile; fileRef = 191E10A92CFD948700EEEA9A /* Montserrat-BlackItalic.ttf */; };
		191E10BE2CFD948700EEEA9A /* Montserrat-SemiBold.ttf in Resources */ = {isa = PBXBuildFile; fileRef = 191E10AA2CFD948700EEEA9A /* Montserrat-SemiBold.ttf */; };
		191E10BF2CFD948700EEEA9A /* Montserrat-ExtraLightItalic.ttf in Resources */ = {isa = PBXBuildFile; fileRef = 191E10AB2CFD948700EEEA9A /* Montserrat-ExtraLightItalic.ttf */; };
		191E10C02CFD948700EEEA9A /* Montserrat-ExtraBold.ttf in Resources */ = {isa = PBXBuildFile; fileRef = 191E10AC2CFD948700EEEA9A /* Montserrat-ExtraBold.ttf */; };
		191E10C12CFD948700EEEA9A /* Montserrat-Black.ttf in Resources */ = {isa = PBXBuildFile; fileRef = 191E10AD2CFD948700EEEA9A /* Montserrat-Black.ttf */; };
		191E10C22CFD948700EEEA9A /* Montserrat-Regular.ttf in Resources */ = {isa = PBXBuildFile; fileRef = 191E10AE2CFD948700EEEA9A /* Montserrat-Regular.ttf */; };
		191E10C32CFD948700EEEA9A /* Montserrat-Italic.ttf in Resources */ = {isa = PBXBuildFile; fileRef = 191E10AF2CFD948700EEEA9A /* Montserrat-Italic.ttf */; };
		191E10C42CFD948700EEEA9A /* LICENSE.txt in Resources */ = {isa = PBXBuildFile; fileRef = 191E10B02CFD948700EEEA9A /* LICENSE.txt */; };
		191E10C52CFD948700EEEA9A /* Montserrat-SemiBoldItalic.ttf in Resources */ = {isa = PBXBuildFile; fileRef = 191E10B12CFD948700EEEA9A /* Montserrat-SemiBoldItalic.ttf */; };
		191E10C62CFD948700EEEA9A /* Montserrat-ExtraBoldItalic.ttf in Resources */ = {isa = PBXBuildFile; fileRef = 191E10B22CFD948700EEEA9A /* Montserrat-ExtraBoldItalic.ttf */; };
		191E10CC2D01C29100EEEA9A /* StocksPresenter.swift in Sources */ = {isa = PBXBuildFile; fileRef = 191E10CB2D01C29100EEEA9A /* StocksPresenter.swift */; };
		191E10D22D11B38000EEEA9A /* StocksManager.swift in Sources */ = {isa = PBXBuildFile; fileRef = 191E10D12D11B38000EEEA9A /* StocksManager.swift */; };
		19F25EA42D26DEF400FF02E6 /* FavouriteCompanyItem+CoreDataClass.swift in Sources */ = {isa = PBXBuildFile; fileRef = 19F25EA02D26DEF400FF02E6 /* FavouriteCompanyItem+CoreDataClass.swift */; };
		19F25EA52D26DEF400FF02E6 /* FavouriteCompanyItem+CoreDataProperties.swift in Sources */ = {isa = PBXBuildFile; fileRef = 19F25EA12D26DEF400FF02E6 /* FavouriteCompanyItem+CoreDataProperties.swift */; };
		19F25EA62D26DEF400FF02E6 /* CompanyItem+CoreDataClass.swift in Sources */ = {isa = PBXBuildFile; fileRef = 19F25EA22D26DEF400FF02E6 /* CompanyItem+CoreDataClass.swift */; };
		19F25EA72D26DEF400FF02E6 /* CompanyItem+CoreDataProperties.swift in Sources */ = {isa = PBXBuildFile; fileRef = 19F25EA32D26DEF400FF02E6 /* CompanyItem+CoreDataProperties.swift */; };
/* End PBXBuildFile section */

/* Begin PBXFileReference section */
		191E107A2CFA29EB00EEEA9A /* stocks.app */ = {isa = PBXFileReference; explicitFileType = wrapper.application; includeInIndex = 0; path = stocks.app; sourceTree = BUILT_PRODUCTS_DIR; };
		191E107D2CFA29EB00EEEA9A /* AppDelegate.swift */ = {isa = PBXFileReference; lastKnownFileType = sourcecode.swift; path = AppDelegate.swift; sourceTree = "<group>"; };
		191E107F2CFA29EB00EEEA9A /* SceneDelegate.swift */ = {isa = PBXFileReference; lastKnownFileType = sourcecode.swift; path = SceneDelegate.swift; sourceTree = "<group>"; };
		191E10812CFA29EB00EEEA9A /* ViewController.swift */ = {isa = PBXFileReference; lastKnownFileType = sourcecode.swift; path = ViewController.swift; sourceTree = "<group>"; };
		191E10872CFA29EB00EEEA9A /* stocks.xcdatamodel */ = {isa = PBXFileReference; lastKnownFileType = wrapper.xcdatamodel; path = stocks.xcdatamodel; sourceTree = "<group>"; };
		191E10892CFA29EE00EEEA9A /* Assets.xcassets */ = {isa = PBXFileReference; lastKnownFileType = folder.assetcatalog; path = Assets.xcassets; sourceTree = "<group>"; };
		191E108C2CFA29EE00EEEA9A /* Base */ = {isa = PBXFileReference; lastKnownFileType = file.storyboard; name = Base; path = Base.lproj/LaunchScreen.storyboard; sourceTree = "<group>"; };
		191E108E2CFA29EE00EEEA9A /* Info.plist */ = {isa = PBXFileReference; lastKnownFileType = text.plist.xml; path = Info.plist; sourceTree = "<group>"; };
		191E10942CFA2C2300EEEA9A /* TableViewModel.swift */ = {isa = PBXFileReference; lastKnownFileType = sourcecode.swift; path = TableViewModel.swift; sourceTree = "<group>"; };
		191E10962CFA2C4800EEEA9A /* TickerCell.swift */ = {isa = PBXFileReference; lastKnownFileType = sourcecode.swift; path = TickerCell.swift; sourceTree = "<group>"; };
		191E10982CFA2C6B00EEEA9A /* StocksView.swift */ = {isa = PBXFileReference; lastKnownFileType = sourcecode.swift; path = StocksView.swift; sourceTree = "<group>"; };
		191E109A2CFD8F6900EEEA9A /* Extensions.swift */ = {isa = PBXFileReference; lastKnownFileType = sourcecode.swift; path = Extensions.swift; sourceTree = "<group>"; };
		191E109F2CFD948700EEEA9A /* Montserrat-LightItalic.ttf */ = {isa = PBXFileReference; lastKnownFileType = file; path = "Montserrat-LightItalic.ttf"; sourceTree = "<group>"; };
		191E10A02CFD948700EEEA9A /* Montserrat-Medium.ttf */ = {isa = PBXFileReference; lastKnownFileType = file; path = "Montserrat-Medium.ttf"; sourceTree = "<group>"; };
		191E10A12CFD948700EEEA9A /* COPYRIGHT.txt */ = {isa = PBXFileReference; fileEncoding = 4; lastKnownFileType = text; path = COPYRIGHT.txt; sourceTree = "<group>"; };
		191E10A22CFD948700EEEA9A /* Montserrat-BoldItalic.ttf */ = {isa = PBXFileReference; lastKnownFileType = file; path = "Montserrat-BoldItalic.ttf"; sourceTree = "<group>"; };
		191E10A32CFD948700EEEA9A /* Montserrat-Light.ttf */ = {isa = PBXFileReference; lastKnownFileType = file; path = "Montserrat-Light.ttf"; sourceTree = "<group>"; };
		191E10A42CFD948700EEEA9A /* Montserrat-ThinItalic.ttf */ = {isa = PBXFileReference; lastKnownFileType = file; path = "Montserrat-ThinItalic.ttf"; sourceTree = "<group>"; };
		191E10A52CFD948700EEEA9A /* Montserrat-ExtraLight.ttf */ = {isa = PBXFileReference; lastKnownFileType = file; path = "Montserrat-ExtraLight.ttf"; sourceTree = "<group>"; };
		191E10A62CFD948700EEEA9A /* Montserrat-Thin.ttf */ = {isa = PBXFileReference; lastKnownFileType = file; path = "Montserrat-Thin.ttf"; sourceTree = "<group>"; };
		191E10A72CFD948700EEEA9A /* Montserrat-Bold.ttf */ = {isa = PBXFileReference; lastKnownFileType = file; path = "Montserrat-Bold.ttf"; sourceTree = "<group>"; };
		191E10A82CFD948700EEEA9A /* Montserrat-MediumItalic.ttf */ = {isa = PBXFileReference; lastKnownFileType = file; path = "Montserrat-MediumItalic.ttf"; sourceTree = "<group>"; };
		191E10A92CFD948700EEEA9A /* Montserrat-BlackItalic.ttf */ = {isa = PBXFileReference; lastKnownFileType = file; path = "Montserrat-BlackItalic.ttf"; sourceTree = "<group>"; };
		191E10AA2CFD948700EEEA9A /* Montserrat-SemiBold.ttf */ = {isa = PBXFileReference; lastKnownFileType = file; path = "Montserrat-SemiBold.ttf"; sourceTree = "<group>"; };
		191E10AB2CFD948700EEEA9A /* Montserrat-ExtraLightItalic.ttf */ = {isa = PBXFileReference; lastKnownFileType = file; path = "Montserrat-ExtraLightItalic.ttf"; sourceTree = "<group>"; };
		191E10AC2CFD948700EEEA9A /* Montserrat-ExtraBold.ttf */ = {isa = PBXFileReference; lastKnownFileType = file; path = "Montserrat-ExtraBold.ttf"; sourceTree = "<group>"; };
		191E10AD2CFD948700EEEA9A /* Montserrat-Black.ttf */ = {isa = PBXFileReference; lastKnownFileType = file; path = "Montserrat-Black.ttf"; sourceTree = "<group>"; };
		191E10AE2CFD948700EEEA9A /* Montserrat-Regular.ttf */ = {isa = PBXFileReference; lastKnownFileType = file; path = "Montserrat-Regular.ttf"; sourceTree = "<group>"; };
		191E10AF2CFD948700EEEA9A /* Montserrat-Italic.ttf */ = {isa = PBXFileReference; lastKnownFileType = file; path = "Montserrat-Italic.ttf"; sourceTree = "<group>"; };
		191E10B02CFD948700EEEA9A /* LICENSE.txt */ = {isa = PBXFileReference; fileEncoding = 4; lastKnownFileType = text; path = LICENSE.txt; sourceTree = "<group>"; };
		191E10B12CFD948700EEEA9A /* Montserrat-SemiBoldItalic.ttf */ = {isa = PBXFileReference; lastKnownFileType = file; path = "Montserrat-SemiBoldItalic.ttf"; sourceTree = "<group>"; };
		191E10B22CFD948700EEEA9A /* Montserrat-ExtraBoldItalic.ttf */ = {isa = PBXFileReference; lastKnownFileType = file; path = "Montserrat-ExtraBoldItalic.ttf"; sourceTree = "<group>"; };
		191E10CB2D01C29100EEEA9A /* StocksPresenter.swift */ = {isa = PBXFileReference; lastKnownFileType = sourcecode.swift; path = StocksPresenter.swift; sourceTree = "<group>"; };
		191E10D12D11B38000EEEA9A /* StocksManager.swift */ = {isa = PBXFileReference; lastKnownFileType = sourcecode.swift; path = StocksManager.swift; sourceTree = "<group>"; };
		19F25EA02D26DEF400FF02E6 /* FavouriteCompanyItem+CoreDataClass.swift */ = {isa = PBXFileReference; lastKnownFileType = sourcecode.swift; path = "FavouriteCompanyItem+CoreDataClass.swift"; sourceTree = "<group>"; };
		19F25EA12D26DEF400FF02E6 /* FavouriteCompanyItem+CoreDataProperties.swift */ = {isa = PBXFileReference; lastKnownFileType = sourcecode.swift; path = "FavouriteCompanyItem+CoreDataProperties.swift"; sourceTree = "<group>"; };
		19F25EA22D26DEF400FF02E6 /* CompanyItem+CoreDataClass.swift */ = {isa = PBXFileReference; lastKnownFileType = sourcecode.swift; path = "CompanyItem+CoreDataClass.swift"; sourceTree = "<group>"; };
		19F25EA32D26DEF400FF02E6 /* CompanyItem+CoreDataProperties.swift */ = {isa = PBXFileReference; lastKnownFileType = sourcecode.swift; path = "CompanyItem+CoreDataProperties.swift"; sourceTree = "<group>"; };
/* End PBXFileReference section */

/* Begin PBXFrameworksBuildPhase section */
		191E10772CFA29EB00EEEA9A /* Frameworks */ = {
			isa = PBXFrameworksBuildPhase;
			buildActionMask = 2147483647;
			files = (
			);
			runOnlyForDeploymentPostprocessing = 0;
		};
/* End PBXFrameworksBuildPhase section */

/* Begin PBXGroup section */
		191E10712CFA29EB00EEEA9A = {
			isa = PBXGroup;
			children = (
				191E107C2CFA29EB00EEEA9A /* stocks */,
				191E107B2CFA29EB00EEEA9A /* Products */,
			);
			sourceTree = "<group>";
		};
		191E107B2CFA29EB00EEEA9A /* Products */ = {
			isa = PBXGroup;
			children = (
				191E107A2CFA29EB00EEEA9A /* stocks.app */,
			);
			name = Products;
			sourceTree = "<group>";
		};
		191E107C2CFA29EB00EEEA9A /* stocks */ = {
			isa = PBXGroup;
			children = (
				191E107D2CFA29EB00EEEA9A /* AppDelegate.swift */,
				191E107F2CFA29EB00EEEA9A /* SceneDelegate.swift */,
				191E10812CFA29EB00EEEA9A /* ViewController.swift */,
				191E10CB2D01C29100EEEA9A /* StocksPresenter.swift */,
				191E10982CFA2C6B00EEEA9A /* StocksView.swift */,
				191E10D12D11B38000EEEA9A /* StocksManager.swift */,
				191E10892CFA29EE00EEEA9A /* Assets.xcassets */,
				191E108B2CFA29EE00EEEA9A /* LaunchScreen.storyboard */,
				191E108E2CFA29EE00EEEA9A /* Info.plist */,
				191E10862CFA29EB00EEEA9A /* stocks.xcdatamodeld */,
				191E10942CFA2C2300EEEA9A /* TableViewModel.swift */,
				191E10962CFA2C4800EEEA9A /* TickerCell.swift */,
				191E109A2CFD8F6900EEEA9A /* Extensions.swift */,
				19F25E9F2D26860B00FF02E6 /* StocksItem */,
				191E109E2CFD948700EEEA9A /* Montserrat */,
			);
			path = stocks;
			sourceTree = "<group>";
		};
		191E109E2CFD948700EEEA9A /* Montserrat */ = {
			isa = PBXGroup;
			children = (
				191E109F2CFD948700EEEA9A /* Montserrat-LightItalic.ttf */,
				191E10A02CFD948700EEEA9A /* Montserrat-Medium.ttf */,
				191E10A12CFD948700EEEA9A /* COPYRIGHT.txt */,
				191E10A22CFD948700EEEA9A /* Montserrat-BoldItalic.ttf */,
				191E10A32CFD948700EEEA9A /* Montserrat-Light.ttf */,
				191E10A42CFD948700EEEA9A /* Montserrat-ThinItalic.ttf */,
				191E10A52CFD948700EEEA9A /* Montserrat-ExtraLight.ttf */,
				191E10A62CFD948700EEEA9A /* Montserrat-Thin.ttf */,
				191E10A72CFD948700EEEA9A /* Montserrat-Bold.ttf */,
				191E10A82CFD948700EEEA9A /* Montserrat-MediumItalic.ttf */,
				191E10A92CFD948700EEEA9A /* Montserrat-BlackItalic.ttf */,
				191E10AA2CFD948700EEEA9A /* Montserrat-SemiBold.ttf */,
				191E10AB2CFD948700EEEA9A /* Montserrat-ExtraLightItalic.ttf */,
				191E10AC2CFD948700EEEA9A /* Montserrat-ExtraBold.ttf */,
				191E10AD2CFD948700EEEA9A /* Montserrat-Black.ttf */,
				191E10AE2CFD948700EEEA9A /* Montserrat-Regular.ttf */,
				191E10AF2CFD948700EEEA9A /* Montserrat-Italic.ttf */,
				191E10B02CFD948700EEEA9A /* LICENSE.txt */,
				191E10B12CFD948700EEEA9A /* Montserrat-SemiBoldItalic.ttf */,
				191E10B22CFD948700EEEA9A /* Montserrat-ExtraBoldItalic.ttf */,
			);
			name = Montserrat;
			path = ../../../../Montserrat;
			sourceTree = "<group>";
		};
		19F25E9F2D26860B00FF02E6 /* StocksItem */ = {
			isa = PBXGroup;
			children = (
				19F25EA02D26DEF400FF02E6 /* FavouriteCompanyItem+CoreDataClass.swift */,
				19F25EA12D26DEF400FF02E6 /* FavouriteCompanyItem+CoreDataProperties.swift */,
				19F25EA22D26DEF400FF02E6 /* CompanyItem+CoreDataClass.swift */,
				19F25EA32D26DEF400FF02E6 /* CompanyItem+CoreDataProperties.swift */,
			);
			path = StocksItem;
			sourceTree = "<group>";
		};
/* End PBXGroup section */

/* Begin PBXNativeTarget section */
		191E10792CFA29EB00EEEA9A /* stocks */ = {
			isa = PBXNativeTarget;
			buildConfigurationList = 191E10912CFA29EE00EEEA9A /* Build configuration list for PBXNativeTarget "stocks" */;
			buildPhases = (
				191E10762CFA29EB00EEEA9A /* Sources */,
				191E10772CFA29EB00EEEA9A /* Frameworks */,
				191E10782CFA29EB00EEEA9A /* Resources */,
			);
			buildRules = (
			);
			dependencies = (
			);
			name = stocks;
			productName = stocks;
			productReference = 191E107A2CFA29EB00EEEA9A /* stocks.app */;
			productType = "com.apple.product-type.application";
		};
/* End PBXNativeTarget section */

/* Begin PBXProject section */
		191E10722CFA29EB00EEEA9A /* Project object */ = {
			isa = PBXProject;
			attributes = {
				BuildIndependentTargetsInParallel = 1;
				LastSwiftUpdateCheck = 1420;
				LastUpgradeCheck = 1420;
				TargetAttributes = {
					191E10792CFA29EB00EEEA9A = {
						CreatedOnToolsVersion = 14.2;
					};
				};
			};
			buildConfigurationList = 191E10752CFA29EB00EEEA9A /* Build configuration list for PBXProject "stocks" */;
			compatibilityVersion = "Xcode 14.0";
			developmentRegion = en;
			hasScannedForEncodings = 0;
			knownRegions = (
				en,
				Base,
			);
			mainGroup = 191E10712CFA29EB00EEEA9A;
			productRefGroup = 191E107B2CFA29EB00EEEA9A /* Products */;
			projectDirPath = "";
			projectRoot = "";
			targets = (
				191E10792CFA29EB00EEEA9A /* stocks */,
			);
		};
/* End PBXProject section */

/* Begin PBXResourcesBuildPhase section */
		191E10782CFA29EB00EEEA9A /* Resources */ = {
			isa = PBXResourcesBuildPhase;
			buildActionMask = 2147483647;
			files = (
				191E10C52CFD948700EEEA9A /* Montserrat-SemiBoldItalic.ttf in Resources */,
				191E10C22CFD948700EEEA9A /* Montserrat-Regular.ttf in Resources */,
				191E10BA2CFD948700EEEA9A /* Montserrat-Thin.ttf in Resources */,
				191E10C12CFD948700EEEA9A /* Montserrat-Black.ttf in Resources */,
				191E10B72CFD948700EEEA9A /* Montserrat-Light.ttf in Resources */,
				191E10BF2CFD948700EEEA9A /* Montserrat-ExtraLightItalic.ttf in Resources */,
				191E10B62CFD948700EEEA9A /* Montserrat-BoldItalic.ttf in Resources */,
				191E10C32CFD948700EEEA9A /* Montserrat-Italic.ttf in Resources */,
				191E10B82CFD948700EEEA9A /* Montserrat-ThinItalic.ttf in Resources */,
				191E10C42CFD948700EEEA9A /* LICENSE.txt in Resources */,
				191E10C02CFD948700EEEA9A /* Montserrat-ExtraBold.ttf in Resources */,
				191E10B52CFD948700EEEA9A /* COPYRIGHT.txt in Resources */,
				191E10B92CFD948700EEEA9A /* Montserrat-ExtraLight.ttf in Resources */,
				191E108D2CFA29EE00EEEA9A /* LaunchScreen.storyboard in Resources */,
				191E108A2CFA29EE00EEEA9A /* Assets.xcassets in Resources */,
				191E10B42CFD948700EEEA9A /* Montserrat-Medium.ttf in Resources */,
				191E10BD2CFD948700EEEA9A /* Montserrat-BlackItalic.ttf in Resources */,
				191E10BE2CFD948700EEEA9A /* Montserrat-SemiBold.ttf in Resources */,
				191E10BB2CFD948700EEEA9A /* Montserrat-Bold.ttf in Resources */,
				191E10BC2CFD948700EEEA9A /* Montserrat-MediumItalic.ttf in Resources */,
				191E10B32CFD948700EEEA9A /* Montserrat-LightItalic.ttf in Resources */,
				191E10C62CFD948700EEEA9A /* Montserrat-ExtraBoldItalic.ttf in Resources */,
			);
			runOnlyForDeploymentPostprocessing = 0;
		};
/* End PBXResourcesBuildPhase section */

/* Begin PBXSourcesBuildPhase section */
		191E10762CFA29EB00EEEA9A /* Sources */ = {
			isa = PBXSourcesBuildPhase;
			buildActionMask = 2147483647;
			files = (
				19F25EA72D26DEF400FF02E6 /* CompanyItem+CoreDataProperties.swift in Sources */,
				191E10822CFA29EB00EEEA9A /* ViewController.swift in Sources */,
				191E10952CFA2C2300EEEA9A /* TableViewModel.swift in Sources */,
				19F25EA42D26DEF400FF02E6 /* FavouriteCompanyItem+CoreDataClass.swift in Sources */,
				191E107E2CFA29EB00EEEA9A /* AppDelegate.swift in Sources */,
				191E10CC2D01C29100EEEA9A /* StocksPresenter.swift in Sources */,
				19F25EA52D26DEF400FF02E6 /* FavouriteCompanyItem+CoreDataProperties.swift in Sources */,
				19F25EA62D26DEF400FF02E6 /* CompanyItem+CoreDataClass.swift in Sources */,
				191E109B2CFD8F6900EEEA9A /* Extensions.swift in Sources */,
				191E10972CFA2C4800EEEA9A /* TickerCell.swift in Sources */,
				191E10D22D11B38000EEEA9A /* StocksManager.swift in Sources */,
				191E10882CFA29EB00EEEA9A /* stocks.xcdatamodeld in Sources */,
				191E10802CFA29EB00EEEA9A /* SceneDelegate.swift in Sources */,
				191E10992CFA2C6B00EEEA9A /* StocksView.swift in Sources */,
			);
			runOnlyForDeploymentPostprocessing = 0;
		};
/* End PBXSourcesBuildPhase section */

/* Begin PBXVariantGroup section */
		191E108B2CFA29EE00EEEA9A /* LaunchScreen.storyboard */ = {
			isa = PBXVariantGroup;
			children = (
				191E108C2CFA29EE00EEEA9A /* Base */,
			);
			name = LaunchScreen.storyboard;
			sourceTree = "<group>";
		};
/* End PBXVariantGroup section */

/* Begin XCBuildConfiguration section */
		191E108F2CFA29EE00EEEA9A /* Debug */ = {
			isa = XCBuildConfiguration;
			buildSettings = {
				ALWAYS_SEARCH_USER_PATHS = NO;
				CLANG_ANALYZER_NONNULL = YES;
				CLANG_ANALYZER_NUMBER_OBJECT_CONVERSION = YES_AGGRESSIVE;
				CLANG_CXX_LANGUAGE_STANDARD = "gnu++20";
				CLANG_ENABLE_MODULES = YES;
				CLANG_ENABLE_OBJC_ARC = YES;
				CLANG_ENABLE_OBJC_WEAK = YES;
				CLANG_WARN_BLOCK_CAPTURE_AUTORELEASING = YES;
				CLANG_WARN_BOOL_CONVERSION = YES;
				CLANG_WARN_COMMA = YES;
				CLANG_WARN_CONSTANT_CONVERSION = YES;
				CLANG_WARN_DEPRECATED_OBJC_IMPLEMENTATIONS = YES;
				CLANG_WARN_DIRECT_OBJC_ISA_USAGE = YES_ERROR;
				CLANG_WARN_DOCUMENTATION_COMMENTS = YES;
				CLANG_WARN_EMPTY_BODY = YES;
				CLANG_WARN_ENUM_CONVERSION = YES;
				CLANG_WARN_INFINITE_RECURSION = YES;
				CLANG_WARN_INT_CONVERSION = YES;
				CLANG_WARN_NON_LITERAL_NULL_CONVERSION = YES;
				CLANG_WARN_OBJC_IMPLICIT_RETAIN_SELF = YES;
				CLANG_WARN_OBJC_LITERAL_CONVERSION = YES;
				CLANG_WARN_OBJC_ROOT_CLASS = YES_ERROR;
				CLANG_WARN_QUOTED_INCLUDE_IN_FRAMEWORK_HEADER = YES;
				CLANG_WARN_RANGE_LOOP_ANALYSIS = YES;
				CLANG_WARN_STRICT_PROTOTYPES = YES;
				CLANG_WARN_SUSPICIOUS_MOVE = YES;
				CLANG_WARN_UNGUARDED_AVAILABILITY = YES_AGGRESSIVE;
				CLANG_WARN_UNREACHABLE_CODE = YES;
				CLANG_WARN__DUPLICATE_METHOD_MATCH = YES;
				COPY_PHASE_STRIP = NO;
				DEBUG_INFORMATION_FORMAT = dwarf;
				ENABLE_STRICT_OBJC_MSGSEND = YES;
				ENABLE_TESTABILITY = YES;
				GCC_C_LANGUAGE_STANDARD = gnu11;
				GCC_DYNAMIC_NO_PIC = NO;
				GCC_NO_COMMON_BLOCKS = YES;
				GCC_OPTIMIZATION_LEVEL = 0;
				GCC_PREPROCESSOR_DEFINITIONS = (
					"DEBUG=1",
					"$(inherited)",
				);
				GCC_WARN_64_TO_32_BIT_CONVERSION = YES;
				GCC_WARN_ABOUT_RETURN_TYPE = YES_ERROR;
				GCC_WARN_UNDECLARED_SELECTOR = YES;
				GCC_WARN_UNINITIALIZED_AUTOS = YES_AGGRESSIVE;
				GCC_WARN_UNUSED_FUNCTION = YES;
				GCC_WARN_UNUSED_VARIABLE = YES;
				IPHONEOS_DEPLOYMENT_TARGET = 16.2;
				MTL_ENABLE_DEBUG_INFO = INCLUDE_SOURCE;
				MTL_FAST_MATH = YES;
				ONLY_ACTIVE_ARCH = YES;
				SDKROOT = iphoneos;
				SWIFT_ACTIVE_COMPILATION_CONDITIONS = DEBUG;
				SWIFT_OPTIMIZATION_LEVEL = "-Onone";
			};
			name = Debug;
		};
		191E10902CFA29EE00EEEA9A /* Release */ = {
			isa = XCBuildConfiguration;
			buildSettings = {
				ALWAYS_SEARCH_USER_PATHS = NO;
				CLANG_ANALYZER_NONNULL = YES;
				CLANG_ANALYZER_NUMBER_OBJECT_CONVERSION = YES_AGGRESSIVE;
				CLANG_CXX_LANGUAGE_STANDARD = "gnu++20";
				CLANG_ENABLE_MODULES = YES;
				CLANG_ENABLE_OBJC_ARC = YES;
				CLANG_ENABLE_OBJC_WEAK = YES;
				CLANG_WARN_BLOCK_CAPTURE_AUTORELEASING = YES;
				CLANG_WARN_BOOL_CONVERSION = YES;
				CLANG_WARN_COMMA = YES;
				CLANG_WARN_CONSTANT_CONVERSION = YES;
				CLANG_WARN_DEPRECATED_OBJC_IMPLEMENTATIONS = YES;
				CLANG_WARN_DIRECT_OBJC_ISA_USAGE = YES_ERROR;
				CLANG_WARN_DOCUMENTATION_COMMENTS = YES;
				CLANG_WARN_EMPTY_BODY = YES;
				CLANG_WARN_ENUM_CONVERSION = YES;
				CLANG_WARN_INFINITE_RECURSION = YES;
				CLANG_WARN_INT_CONVERSION = YES;
				CLANG_WARN_NON_LITERAL_NULL_CONVERSION = YES;
				CLANG_WARN_OBJC_IMPLICIT_RETAIN_SELF = YES;
				CLANG_WARN_OBJC_LITERAL_CONVERSION = YES;
				CLANG_WARN_OBJC_ROOT_CLASS = YES_ERROR;
				CLANG_WARN_QUOTED_INCLUDE_IN_FRAMEWORK_HEADER = YES;
				CLANG_WARN_RANGE_LOOP_ANALYSIS = YES;
				CLANG_WARN_STRICT_PROTOTYPES = YES;
				CLANG_WARN_SUSPICIOUS_MOVE = YES;
				CLANG_WARN_UNGUARDED_AVAILABILITY = YES_AGGRESSIVE;
				CLANG_WARN_UNREACHABLE_CODE = YES;
				CLANG_WARN__DUPLICATE_METHOD_MATCH = YES;
				COPY_PHASE_STRIP = NO;
				DEBUG_INFORMATION_FORMAT = "dwarf-with-dsym";
				ENABLE_NS_ASSERTIONS = NO;
				ENABLE_STRICT_OBJC_MSGSEND = YES;
				GCC_C_LANGUAGE_STANDARD = gnu11;
				GCC_NO_COMMON_BLOCKS = YES;
				GCC_WARN_64_TO_32_BIT_CONVERSION = YES;
				GCC_WARN_ABOUT_RETURN_TYPE = YES_ERROR;
				GCC_WARN_UNDECLARED_SELECTOR = YES;
				GCC_WARN_UNINITIALIZED_AUTOS = YES_AGGRESSIVE;
				GCC_WARN_UNUSED_FUNCTION = YES;
				GCC_WARN_UNUSED_VARIABLE = YES;
				IPHONEOS_DEPLOYMENT_TARGET = 16.2;
				MTL_ENABLE_DEBUG_INFO = NO;
				MTL_FAST_MATH = YES;
				SDKROOT = iphoneos;
				SWIFT_COMPILATION_MODE = wholemodule;
				SWIFT_OPTIMIZATION_LEVEL = "-O";
				VALIDATE_PRODUCT = YES;
			};
			name = Release;
		};
		191E10922CFA29EE00EEEA9A /* Debug */ = {
			isa = XCBuildConfiguration;
			buildSettings = {
				ASSETCATALOG_COMPILER_APPICON_NAME = AppIcon;
				ASSETCATALOG_COMPILER_GLOBAL_ACCENT_COLOR_NAME = AccentColor;
				CODE_SIGN_STYLE = Automatic;
				CURRENT_PROJECT_VERSION = 1;
				GENERATE_INFOPLIST_FILE = YES;
				INFOPLIST_FILE = stocks/Info.plist;
				INFOPLIST_KEY_UIApplicationSupportsIndirectInputEvents = YES;
				INFOPLIST_KEY_UILaunchStoryboardName = LaunchScreen;
				INFOPLIST_KEY_UISupportedInterfaceOrientations_iPad = "UIInterfaceOrientationPortrait UIInterfaceOrientationPortraitUpsideDown UIInterfaceOrientationLandscapeLeft UIInterfaceOrientationLandscapeRight";
				INFOPLIST_KEY_UISupportedInterfaceOrientations_iPhone = "UIInterfaceOrientationPortrait UIInterfaceOrientationLandscapeLeft UIInterfaceOrientationLandscapeRight";
				LD_RUNPATH_SEARCH_PATHS = (
					"$(inherited)",
					"@executable_path/Frameworks",
				);
				MARKETING_VERSION = 1.0;
				PRODUCT_BUNDLE_IDENTIFIER = kz.stocks;
				PRODUCT_NAME = "$(TARGET_NAME)";
				SWIFT_EMIT_LOC_STRINGS = YES;
				SWIFT_VERSION = 5.0;
				TARGETED_DEVICE_FAMILY = "1,2";
			};
			name = Debug;
		};
		191E10932CFA29EE00EEEA9A /* Release */ = {
			isa = XCBuildConfiguration;
			buildSettings = {
				ASSETCATALOG_COMPILER_APPICON_NAME = AppIcon;
				ASSETCATALOG_COMPILER_GLOBAL_ACCENT_COLOR_NAME = AccentColor;
				CODE_SIGN_STYLE = Automatic;
				CURRENT_PROJECT_VERSION = 1;
				GENERATE_INFOPLIST_FILE = YES;
				INFOPLIST_FILE = stocks/Info.plist;
				INFOPLIST_KEY_UIApplicationSupportsIndirectInputEvents = YES;
				INFOPLIST_KEY_UILaunchStoryboardName = LaunchScreen;
				INFOPLIST_KEY_UISupportedInterfaceOrientations_iPad = "UIInterfaceOrientationPortrait UIInterfaceOrientationPortraitUpsideDown UIInterfaceOrientationLandscapeLeft UIInterfaceOrientationLandscapeRight";
				INFOPLIST_KEY_UISupportedInterfaceOrientations_iPhone = "UIInterfaceOrientationPortrait UIInterfaceOrientationLandscapeLeft UIInterfaceOrientationLandscapeRight";
				LD_RUNPATH_SEARCH_PATHS = (
					"$(inherited)",
					"@executable_path/Frameworks",
				);
				MARKETING_VERSION = 1.0;
				PRODUCT_BUNDLE_IDENTIFIER = kz.stocks;
				PRODUCT_NAME = "$(TARGET_NAME)";
				SWIFT_EMIT_LOC_STRINGS = YES;
				SWIFT_VERSION = 5.0;
				TARGETED_DEVICE_FAMILY = "1,2";
			};
			name = Release;
		};
/* End XCBuildConfiguration section */

/* Begin XCConfigurationList section */
		191E10752CFA29EB00EEEA9A /* Build configuration list for PBXProject "stocks" */ = {
			isa = XCConfigurationList;
			buildConfigurations = (
				191E108F2CFA29EE00EEEA9A /* Debug */,
				191E10902CFA29EE00EEEA9A /* Release */,
			);
			defaultConfigurationIsVisible = 0;
			defaultConfigurationName = Release;
		};
		191E10912CFA29EE00EEEA9A /* Build configuration list for PBXNativeTarget "stocks" */ = {
			isa = XCConfigurationList;
			buildConfigurations = (
				191E10922CFA29EE00EEEA9A /* Debug */,
				191E10932CFA29EE00EEEA9A /* Release */,
			);
			defaultConfigurationIsVisible = 0;
			defaultConfigurationName = Release;
		};
/* End XCConfigurationList section */

/* Begin XCVersionGroup section */
		191E10862CFA29EB00EEEA9A /* stocks.xcdatamodeld */ = {
			isa = XCVersionGroup;
			children = (
				191E10872CFA29EB00EEEA9A /* stocks.xcdatamodel */,
			);
			currentVersion = 191E10872CFA29EB00EEEA9A /* stocks.xcdatamodel */;
			path = stocks.xcdatamodeld;
			sourceTree = "<group>";
			versionGroupType = wrapper.xcdatamodel;
		};
/* End XCVersionGroup section */
	};
	rootObject = 191E10722CFA29EB00EEEA9A /* Project object */;
}
