// !$*UTF8*$!
{
	archiveVersion = 1;
	classes = {
	};
	objectVersion = 56;
	objects = {

/* Begin PBXBuildFile section */
		19387ACB2CECA18400A2965A /* AppDelegate.swift in Sources */ = {isa = PBXBuildFile; fileRef = 19387ACA2CECA18400A2965A /* AppDelegate.swift */; };
		19387ACD2CECA18400A2965A /* SceneDelegate.swift in Sources */ = {isa = PBXBuildFile; fileRef = 19387ACC2CECA18400A2965A /* SceneDelegate.swift */; };
		19387ACF2CECA18400A2965A /* ViewController.swift in Sources */ = {isa = PBXBuildFile; fileRef = 19387ACE2CECA18400A2965A /* ViewController.swift */; };
		19387AD52CECA18400A2965A /* stoksApp.xcdatamodeld in Sources */ = {isa = PBXBuildFile; fileRef = 19387AD32CECA18400A2965A /* stoksApp.xcdatamodeld */; };
		19387AD72CECA18600A2965A /* Assets.xcassets in Resources */ = {isa = PBXBuildFile; fileRef = 19387AD62CECA18600A2965A /* Assets.xcassets */; };
		19387ADA2CECA18600A2965A /* LaunchScreen.storyboard in Resources */ = {isa = PBXBuildFile; fileRef = 19387AD82CECA18600A2965A /* LaunchScreen.storyboard */; };
		196E982A2CECDDC900847AA4 /* StocksView.swift in Sources */ = {isa = PBXBuildFile; fileRef = 196E98292CECDDC900847AA4 /* StocksView.swift */; };
		196E982C2CECE6D500847AA4 /* TableViewCell.swift in Sources */ = {isa = PBXBuildFile; fileRef = 196E982B2CECE6D500847AA4 /* TableViewCell.swift */; };
		196E982E2CECF19F00847AA4 /* TableViewModel.swift in Sources */ = {isa = PBXBuildFile; fileRef = 196E982D2CECF19F00847AA4 /* TableViewModel.swift */; };
/* End PBXBuildFile section */

/* Begin PBXFileReference section */
		19387AC72CECA18400A2965A /* stoksApp.app */ = {isa = PBXFileReference; explicitFileType = wrapper.application; includeInIndex = 0; path = stoksApp.app; sourceTree = BUILT_PRODUCTS_DIR; };
		19387ACA2CECA18400A2965A /* AppDelegate.swift */ = {isa = PBXFileReference; lastKnownFileType = sourcecode.swift; path = AppDelegate.swift; sourceTree = "<group>"; };
		19387ACC2CECA18400A2965A /* SceneDelegate.swift */ = {isa = PBXFileReference; lastKnownFileType = sourcecode.swift; path = SceneDelegate.swift; sourceTree = "<group>"; };
		19387ACE2CECA18400A2965A /* ViewController.swift */ = {isa = PBXFileReference; lastKnownFileType = sourcecode.swift; path = ViewController.swift; sourceTree = "<group>"; };
		19387AD42CECA18400A2965A /* stoksApp.xcdatamodel */ = {isa = PBXFileReference; lastKnownFileType = wrapper.xcdatamodel; path = stoksApp.xcdatamodel; sourceTree = "<group>"; };
		19387AD62CECA18600A2965A /* Assets.xcassets */ = {isa = PBXFileReference; lastKnownFileType = folder.assetcatalog; path = Assets.xcassets; sourceTree = "<group>"; };
		19387AD92CECA18600A2965A /* Base */ = {isa = PBXFileReference; lastKnownFileType = file.storyboard; name = Base; path = Base.lproj/LaunchScreen.storyboard; sourceTree = "<group>"; };
		19387ADB2CECA18600A2965A /* Info.plist */ = {isa = PBXFileReference; lastKnownFileType = text.plist.xml; path = Info.plist; sourceTree = "<group>"; };
		196E98292CECDDC900847AA4 /* StocksView.swift */ = {isa = PBXFileReference; lastKnownFileType = sourcecode.swift; path = StocksView.swift; sourceTree = "<group>"; };
		196E982B2CECE6D500847AA4 /* TableViewCell.swift */ = {isa = PBXFileReference; lastKnownFileType = sourcecode.swift; path = TableViewCell.swift; sourceTree = "<group>"; };
		196E982D2CECF19F00847AA4 /* TableViewModel.swift */ = {isa = PBXFileReference; lastKnownFileType = sourcecode.swift; path = TableViewModel.swift; sourceTree = "<group>"; };
/* End PBXFileReference section */

/* Begin PBXFrameworksBuildPhase section */
		19387AC42CECA18400A2965A /* Frameworks */ = {
			isa = PBXFrameworksBuildPhase;
			buildActionMask = 2147483647;
			files = (
			);
			runOnlyForDeploymentPostprocessing = 0;
		};
/* End PBXFrameworksBuildPhase section */

/* Begin PBXGroup section */
		19387ABE2CECA18400A2965A = {
			isa = PBXGroup;
			children = (
				19387AC92CECA18400A2965A /* stoksApp */,
				19387AC82CECA18400A2965A /* Products */,
			);
			sourceTree = "<group>";
		};
		19387AC82CECA18400A2965A /* Products */ = {
			isa = PBXGroup;
			children = (
				19387AC72CECA18400A2965A /* stoksApp.app */,
			);
			name = Products;
			sourceTree = "<group>";
		};
		19387AC92CECA18400A2965A /* stoksApp */ = {
			isa = PBXGroup;
			children = (
				19387ACA2CECA18400A2965A /* AppDelegate.swift */,
				19387ACC2CECA18400A2965A /* SceneDelegate.swift */,
				196E98572CEF8AFB00847AA4 /* Controller */,
				196E98562CEF8AF500847AA4 /* View */,
				196E98552CEF8AEC00847AA4 /* Model */,
				19387AD62CECA18600A2965A /* Assets.xcassets */,
				19387AD82CECA18600A2965A /* LaunchScreen.storyboard */,
				19387ADB2CECA18600A2965A /* Info.plist */,
				19387AD32CECA18400A2965A /* stoksApp.xcdatamodeld */,
			);
			path = stoksApp;
			sourceTree = "<group>";
		};
		196E98552CEF8AEC00847AA4 /* Model */ = {
			isa = PBXGroup;
			children = (
				196E982D2CECF19F00847AA4 /* TableViewModel.swift */,
			);
			path = Model;
			sourceTree = "<group>";
		};
		196E98562CEF8AF500847AA4 /* View */ = {
			isa = PBXGroup;
			children = (
				196E982B2CECE6D500847AA4 /* TableViewCell.swift */,
				196E98292CECDDC900847AA4 /* StocksView.swift */,
			);
			path = View;
			sourceTree = "<group>";
		};
		196E98572CEF8AFB00847AA4 /* Controller */ = {
			isa = PBXGroup;
			children = (
				19387ACE2CECA18400A2965A /* ViewController.swift */,
			);
			path = Controller;
			sourceTree = "<group>";
		};
/* End PBXGroup section */

/* Begin PBXNativeTarget section */
		19387AC62CECA18400A2965A /* stoksApp */ = {
			isa = PBXNativeTarget;
			buildConfigurationList = 19387ADE2CECA18600A2965A /* Build configuration list for PBXNativeTarget "stoksApp" */;
			buildPhases = (
				19387AC32CECA18400A2965A /* Sources */,
				19387AC42CECA18400A2965A /* Frameworks */,
				19387AC52CECA18400A2965A /* Resources */,
			);
			buildRules = (
			);
			dependencies = (
			);
			name = stoksApp;
			productName = stoksApp;
			productReference = 19387AC72CECA18400A2965A /* stoksApp.app */;
			productType = "com.apple.product-type.application";
		};
/* End PBXNativeTarget section */

/* Begin PBXProject section */
		19387ABF2CECA18400A2965A /* Project object */ = {
			isa = PBXProject;
			attributes = {
				BuildIndependentTargetsInParallel = 1;
				LastSwiftUpdateCheck = 1420;
				LastUpgradeCheck = 1420;
				TargetAttributes = {
					19387AC62CECA18400A2965A = {
						CreatedOnToolsVersion = 14.2;
					};
				};
			};
			buildConfigurationList = 19387AC22CECA18400A2965A /* Build configuration list for PBXProject "stoksApp" */;
			compatibilityVersion = "Xcode 14.0";
			developmentRegion = en;
			hasScannedForEncodings = 0;
			knownRegions = (
				en,
				Base,
			);
			mainGroup = 19387ABE2CECA18400A2965A;
			productRefGroup = 19387AC82CECA18400A2965A /* Products */;
			projectDirPath = "";
			projectRoot = "";
			targets = (
				19387AC62CECA18400A2965A /* stoksApp */,
			);
		};
/* End PBXProject section */

/* Begin PBXResourcesBuildPhase section */
		19387AC52CECA18400A2965A /* Resources */ = {
			isa = PBXResourcesBuildPhase;
			buildActionMask = 2147483647;
			files = (
				19387ADA2CECA18600A2965A /* LaunchScreen.storyboard in Resources */,
				19387AD72CECA18600A2965A /* Assets.xcassets in Resources */,
			);
			runOnlyForDeploymentPostprocessing = 0;
		};
/* End PBXResourcesBuildPhase section */

/* Begin PBXSourcesBuildPhase section */
		19387AC32CECA18400A2965A /* Sources */ = {
			isa = PBXSourcesBuildPhase;
			buildActionMask = 2147483647;
			files = (
				196E982A2CECDDC900847AA4 /* StocksView.swift in Sources */,
				196E982E2CECF19F00847AA4 /* TableViewModel.swift in Sources */,
				19387ACF2CECA18400A2965A /* ViewController.swift in Sources */,
				19387ACB2CECA18400A2965A /* AppDelegate.swift in Sources */,
				196E982C2CECE6D500847AA4 /* TableViewCell.swift in Sources */,
				19387AD52CECA18400A2965A /* stoksApp.xcdatamodeld in Sources */,
				19387ACD2CECA18400A2965A /* SceneDelegate.swift in Sources */,
			);
			runOnlyForDeploymentPostprocessing = 0;
		};
/* End PBXSourcesBuildPhase section */

/* Begin PBXVariantGroup section */
		19387AD82CECA18600A2965A /* LaunchScreen.storyboard */ = {
			isa = PBXVariantGroup;
			children = (
				19387AD92CECA18600A2965A /* Base */,
			);
			name = LaunchScreen.storyboard;
			sourceTree = "<group>";
		};
/* End PBXVariantGroup section */

/* Begin XCBuildConfiguration section */
		19387ADC2CECA18600A2965A /* Debug */ = {
			isa = XCBuildConfiguration;
			buildSettings = {
				ALWAYS_SEARCH_USER_PATHS = NO;
				CLANG_ANALYZER_NONNULL = YES;
				CLANG_ANALYZER_NUMBER_OBJECT_CONVERSION = YES_AGGRESSIVE;
				CLANG_CXX_LANGUAGE_STANDARD = "gnu++20";
				CLANG_ENABLE_MODULES = YES;
				CLANG_ENABLE_OBJC_ARC = YES;
				CLANG_ENABLE_OBJC_WEAK = YES;
				CLANG_WARN_BLOCK_CAPTURE_AUTORELEASING = YES;
				CLANG_WARN_BOOL_CONVERSION = YES;
				CLANG_WARN_COMMA = YES;
				CLANG_WARN_CONSTANT_CONVERSION = YES;
				CLANG_WARN_DEPRECATED_OBJC_IMPLEMENTATIONS = YES;
				CLANG_WARN_DIRECT_OBJC_ISA_USAGE = YES_ERROR;
				CLANG_WARN_DOCUMENTATION_COMMENTS = YES;
				CLANG_WARN_EMPTY_BODY = YES;
				CLANG_WARN_ENUM_CONVERSION = YES;
				CLANG_WARN_INFINITE_RECURSION = YES;
				CLANG_WARN_INT_CONVERSION = YES;
				CLANG_WARN_NON_LITERAL_NULL_CONVERSION = YES;
				CLANG_WARN_OBJC_IMPLICIT_RETAIN_SELF = YES;
				CLANG_WARN_OBJC_LITERAL_CONVERSION = YES;
				CLANG_WARN_OBJC_ROOT_CLASS = YES_ERROR;
				CLANG_WARN_QUOTED_INCLUDE_IN_FRAMEWORK_HEADER = YES;
				CLANG_WARN_RANGE_LOOP_ANALYSIS = YES;
				CLANG_WARN_STRICT_PROTOTYPES = YES;
				CLANG_WARN_SUSPICIOUS_MOVE = YES;
				CLANG_WARN_UNGUARDED_AVAILABILITY = YES_AGGRESSIVE;
				CLANG_WARN_UNREACHABLE_CODE = YES;
				CLANG_WARN__DUPLICATE_METHOD_MATCH = YES;
				COPY_PHASE_STRIP = NO;
				DEBUG_INFORMATION_FORMAT = dwarf;
				ENABLE_STRICT_OBJC_MSGSEND = YES;
				ENABLE_TESTABILITY = YES;
				GCC_C_LANGUAGE_STANDARD = gnu11;
				GCC_DYNAMIC_NO_PIC = NO;
				GCC_NO_COMMON_BLOCKS = YES;
				GCC_OPTIMIZATION_LEVEL = 0;
				GCC_PREPROCESSOR_DEFINITIONS = (
					"DEBUG=1",
					"$(inherited)",
				);
				GCC_WARN_64_TO_32_BIT_CONVERSION = YES;
				GCC_WARN_ABOUT_RETURN_TYPE = YES_ERROR;
				GCC_WARN_UNDECLARED_SELECTOR = YES;
				GCC_WARN_UNINITIALIZED_AUTOS = YES_AGGRESSIVE;
				GCC_WARN_UNUSED_FUNCTION = YES;
				GCC_WARN_UNUSED_VARIABLE = YES;
				IPHONEOS_DEPLOYMENT_TARGET = 16.2;
				MTL_ENABLE_DEBUG_INFO = INCLUDE_SOURCE;
				MTL_FAST_MATH = YES;
				ONLY_ACTIVE_ARCH = YES;
				SDKROOT = iphoneos;
				SWIFT_ACTIVE_COMPILATION_CONDITIONS = DEBUG;
				SWIFT_OPTIMIZATION_LEVEL = "-Onone";
			};
			name = Debug;
		};
		19387ADD2CECA18600A2965A /* Release */ = {
			isa = XCBuildConfiguration;
			buildSettings = {
				ALWAYS_SEARCH_USER_PATHS = NO;
				CLANG_ANALYZER_NONNULL = YES;
				CLANG_ANALYZER_NUMBER_OBJECT_CONVERSION = YES_AGGRESSIVE;
				CLANG_CXX_LANGUAGE_STANDARD = "gnu++20";
				CLANG_ENABLE_MODULES = YES;
				CLANG_ENABLE_OBJC_ARC = YES;
				CLANG_ENABLE_OBJC_WEAK = YES;
				CLANG_WARN_BLOCK_CAPTURE_AUTORELEASING = YES;
				CLANG_WARN_BOOL_CONVERSION = YES;
				CLANG_WARN_COMMA = YES;
				CLANG_WARN_CONSTANT_CONVERSION = YES;
				CLANG_WARN_DEPRECATED_OBJC_IMPLEMENTATIONS = YES;
				CLANG_WARN_DIRECT_OBJC_ISA_USAGE = YES_ERROR;
				CLANG_WARN_DOCUMENTATION_COMMENTS = YES;
				CLANG_WARN_EMPTY_BODY = YES;
				CLANG_WARN_ENUM_CONVERSION = YES;
				CLANG_WARN_INFINITE_RECURSION = YES;
				CLANG_WARN_INT_CONVERSION = YES;
				CLANG_WARN_NON_LITERAL_NULL_CONVERSION = YES;
				CLANG_WARN_OBJC_IMPLICIT_RETAIN_SELF = YES;
				CLANG_WARN_OBJC_LITERAL_CONVERSION = YES;
				CLANG_WARN_OBJC_ROOT_CLASS = YES_ERROR;
				CLANG_WARN_QUOTED_INCLUDE_IN_FRAMEWORK_HEADER = YES;
				CLANG_WARN_RANGE_LOOP_ANALYSIS = YES;
				CLANG_WARN_STRICT_PROTOTYPES = YES;
				CLANG_WARN_SUSPICIOUS_MOVE = YES;
				CLANG_WARN_UNGUARDED_AVAILABILITY = YES_AGGRESSIVE;
				CLANG_WARN_UNREACHABLE_CODE = YES;
				CLANG_WARN__DUPLICATE_METHOD_MATCH = YES;
				COPY_PHASE_STRIP = NO;
				DEBUG_INFORMATION_FORMAT = "dwarf-with-dsym";
				ENABLE_NS_ASSERTIONS = NO;
				ENABLE_STRICT_OBJC_MSGSEND = YES;
				GCC_C_LANGUAGE_STANDARD = gnu11;
				GCC_NO_COMMON_BLOCKS = YES;
				GCC_WARN_64_TO_32_BIT_CONVERSION = YES;
				GCC_WARN_ABOUT_RETURN_TYPE = YES_ERROR;
				GCC_WARN_UNDECLARED_SELECTOR = YES;
				GCC_WARN_UNINITIALIZED_AUTOS = YES_AGGRESSIVE;
				GCC_WARN_UNUSED_FUNCTION = YES;
				GCC_WARN_UNUSED_VARIABLE = YES;
				IPHONEOS_DEPLOYMENT_TARGET = 16.2;
				MTL_ENABLE_DEBUG_INFO = NO;
				MTL_FAST_MATH = YES;
				SDKROOT = iphoneos;
				SWIFT_COMPILATION_MODE = wholemodule;
				SWIFT_OPTIMIZATION_LEVEL = "-O";
				VALIDATE_PRODUCT = YES;
			};
			name = Release;
		};
		19387ADF2CECA18600A2965A /* Debug */ = {
			isa = XCBuildConfiguration;
			buildSettings = {
				ASSETCATALOG_COMPILER_APPICON_NAME = AppIcon;
				ASSETCATALOG_COMPILER_GLOBAL_ACCENT_COLOR_NAME = AccentColor;
				CODE_SIGN_STYLE = Automatic;
				CURRENT_PROJECT_VERSION = 1;
				GENERATE_INFOPLIST_FILE = YES;
				INFOPLIST_FILE = stoksApp/Info.plist;
				INFOPLIST_KEY_UIApplicationSupportsIndirectInputEvents = YES;
				INFOPLIST_KEY_UILaunchStoryboardName = LaunchScreen;
				INFOPLIST_KEY_UISupportedInterfaceOrientations_iPad = "UIInterfaceOrientationPortrait UIInterfaceOrientationPortraitUpsideDown UIInterfaceOrientationLandscapeLeft UIInterfaceOrientationLandscapeRight";
				INFOPLIST_KEY_UISupportedInterfaceOrientations_iPhone = "UIInterfaceOrientationPortrait UIInterfaceOrientationLandscapeLeft UIInterfaceOrientationLandscapeRight";
				LD_RUNPATH_SEARCH_PATHS = (
					"$(inherited)",
					"@executable_path/Frameworks",
				);
				MARKETING_VERSION = 1.0;
				PRODUCT_BUNDLE_IDENTIFIER = kz.stoksApp;
				PRODUCT_NAME = "$(TARGET_NAME)";
				SWIFT_EMIT_LOC_STRINGS = YES;
				SWIFT_VERSION = 5.0;
				TARGETED_DEVICE_FAMILY = "1,2";
			};
			name = Debug;
		};
		19387AE02CECA18600A2965A /* Release */ = {
			isa = XCBuildConfiguration;
			buildSettings = {
				ASSETCATALOG_COMPILER_APPICON_NAME = AppIcon;
				ASSETCATALOG_COMPILER_GLOBAL_ACCENT_COLOR_NAME = AccentColor;
				CODE_SIGN_STYLE = Automatic;
				CURRENT_PROJECT_VERSION = 1;
				GENERATE_INFOPLIST_FILE = YES;
				INFOPLIST_FILE = stoksApp/Info.plist;
				INFOPLIST_KEY_UIApplicationSupportsIndirectInputEvents = YES;
				INFOPLIST_KEY_UILaunchStoryboardName = LaunchScreen;
				INFOPLIST_KEY_UISupportedInterfaceOrientations_iPad = "UIInterfaceOrientationPortrait UIInterfaceOrientationPortraitUpsideDown UIInterfaceOrientationLandscapeLeft UIInterfaceOrientationLandscapeRight";
				INFOPLIST_KEY_UISupportedInterfaceOrientations_iPhone = "UIInterfaceOrientationPortrait UIInterfaceOrientationLandscapeLeft UIInterfaceOrientationLandscapeRight";
				LD_RUNPATH_SEARCH_PATHS = (
					"$(inherited)",
					"@executable_path/Frameworks",
				);
				MARKETING_VERSION = 1.0;
				PRODUCT_BUNDLE_IDENTIFIER = kz.stoksApp;
				PRODUCT_NAME = "$(TARGET_NAME)";
				SWIFT_EMIT_LOC_STRINGS = YES;
				SWIFT_VERSION = 5.0;
				TARGETED_DEVICE_FAMILY = "1,2";
			};
			name = Release;
		};
/* End XCBuildConfiguration section */

/* Begin XCConfigurationList section */
		19387AC22CECA18400A2965A /* Build configuration list for PBXProject "stoksApp" */ = {
			isa = XCConfigurationList;
			buildConfigurations = (
				19387ADC2CECA18600A2965A /* Debug */,
				19387ADD2CECA18600A2965A /* Release */,
			);
			defaultConfigurationIsVisible = 0;
			defaultConfigurationName = Release;
		};
		19387ADE2CECA18600A2965A /* Build configuration list for PBXNativeTarget "stoksApp" */ = {
			isa = XCConfigurationList;
			buildConfigurations = (
				19387ADF2CECA18600A2965A /* Debug */,
				19387AE02CECA18600A2965A /* Release */,
			);
			defaultConfigurationIsVisible = 0;
			defaultConfigurationName = Release;
		};
/* End XCConfigurationList section */

/* Begin XCVersionGroup section */
		19387AD32CECA18400A2965A /* stoksApp.xcdatamodeld */ = {
			isa = XCVersionGroup;
			children = (
				19387AD42CECA18400A2965A /* stoksApp.xcdatamodel */,
			);
			currentVersion = 19387AD42CECA18400A2965A /* stoksApp.xcdatamodel */;
			path = stoksApp.xcdatamodeld;
			sourceTree = "<group>";
			versionGroupType = wrapper.xcdatamodel;
		};
/* End XCVersionGroup section */
	};
	rootObject = 19387ABF2CECA18400A2965A /* Project object */;
}
